
Microsoft Visual Studio Solution File, Format Version 12.00
# Visual Studio 2012
Project("{D954291E-2A0B-460D-934E-DC6B0785DB48}") = "Busidex.Mobile", "Busidex.Mobile\Busidex.Mobile.shproj", "{95A48FBA-4FCD-46E5-A1BA-738D24B0C479}"
EndProject
Project("{FAE04EC0-301F-11D3-BF4B-00C04F79EFBC}") = "Busidex.Presentation.IOS", "Busidex.Presentation\Busidex.Presentation.IOS.csproj", "{3B873BA5-E230-40BC-9C9B-DEBC82B3E0E6}"
EndProject
Project("{FAE04EC0-301F-11D3-BF4B-00C04F79EFBC}") = "Busidex.Presentation.Android", "Busidex.Mobile.Android\Busidex.Presentation.Android.csproj", "{9A5CBD27-0C11-417A-921A-639268E45583}"
EndProject
Global
	GlobalSection(SolutionConfigurationPlatforms) = preSolution
		Debug|iPhoneSimulator = Debug|iPhoneSimulator
		Release|iPhoneSimulator = Release|iPhoneSimulator
		Debug|iPhone = Debug|iPhone
		Release|iPhone = Release|iPhone
		Ad-Hoc|iPhone = Ad-Hoc|iPhone
		AppStore|iPhone = AppStore|iPhone
	EndGlobalSection
	GlobalSection(ProjectConfigurationPlatforms) = postSolution
		{3B873BA5-E230-40BC-9C9B-DEBC82B3E0E6}.Ad-Hoc|iPhone.ActiveCfg = Ad-Hoc|iPhone
		{3B873BA5-E230-40BC-9C9B-DEBC82B3E0E6}.Ad-Hoc|iPhone.Build.0 = Ad-Hoc|iPhone
		{3B873BA5-E230-40BC-9C9B-DEBC82B3E0E6}.AppStore|iPhone.ActiveCfg = AppStore|iPhone
		{3B873BA5-E230-40BC-9C9B-DEBC82B3E0E6}.AppStore|iPhone.Build.0 = AppStore|iPhone
		{3B873BA5-E230-40BC-9C9B-DEBC82B3E0E6}.Debug|iPhone.ActiveCfg = Debug|iPhone
		{3B873BA5-E230-40BC-9C9B-DEBC82B3E0E6}.Debug|iPhone.Build.0 = Debug|iPhone
		{3B873BA5-E230-40BC-9C9B-DEBC82B3E0E6}.Debug|iPhoneSimulator.ActiveCfg = Debug|iPhoneSimulator
		{3B873BA5-E230-40BC-9C9B-DEBC82B3E0E6}.Debug|iPhoneSimulator.Build.0 = Debug|iPhoneSimulator
		{3B873BA5-E230-40BC-9C9B-DEBC82B3E0E6}.Release|iPhone.ActiveCfg = Release|iPhone
		{3B873BA5-E230-40BC-9C9B-DEBC82B3E0E6}.Release|iPhone.Build.0 = Release|iPhone
		{3B873BA5-E230-40BC-9C9B-DEBC82B3E0E6}.Release|iPhoneSimulator.ActiveCfg = Release|iPhoneSimulator
		{3B873BA5-E230-40BC-9C9B-DEBC82B3E0E6}.Release|iPhoneSimulator.Build.0 = Release|iPhoneSimulator
		{9A5CBD27-0C11-417A-921A-639268E45583}.Ad-Hoc|iPhone.ActiveCfg = Debug|Any CPU
		{9A5CBD27-0C11-417A-921A-639268E45583}.Ad-Hoc|iPhone.Build.0 = Debug|Any CPU
		{9A5CBD27-0C11-417A-921A-639268E45583}.AppStore|iPhone.ActiveCfg = Debug|Any CPU
		{9A5CBD27-0C11-417A-921A-639268E45583}.AppStore|iPhone.Build.0 = Debug|Any CPU
		{9A5CBD27-0C11-417A-921A-639268E45583}.Debug|iPhone.ActiveCfg = Debug|Any CPU
		{9A5CBD27-0C11-417A-921A-639268E45583}.Debug|iPhone.Build.0 = Debug|Any CPU
		{9A5CBD27-0C11-417A-921A-639268E45583}.Debug|iPhoneSimulator.ActiveCfg = Debug|Any CPU
		{9A5CBD27-0C11-417A-921A-639268E45583}.Debug|iPhoneSimulator.Build.0 = Debug|Any CPU
		{9A5CBD27-0C11-417A-921A-639268E45583}.Release|iPhone.ActiveCfg = Release|Any CPU
		{9A5CBD27-0C11-417A-921A-639268E45583}.Release|iPhone.Build.0 = Release|Any CPU
		{9A5CBD27-0C11-417A-921A-639268E45583}.Release|iPhoneSimulator.ActiveCfg = Release|Any CPU
		{9A5CBD27-0C11-417A-921A-639268E45583}.Release|iPhoneSimulator.Build.0 = Release|Any CPU
	EndGlobalSection
	GlobalSection(MonoDevelopProperties) = preSolution
		StartupItem = Busidex.Mobile.Android\Busidex.Presentation.Android.csproj
	EndGlobalSection
EndGlobal
